// !$*UTF8*$!
{
	archiveVersion = 1;
	classes = {
	};
	objectVersion = 55;
	objects = {

/* Begin PBXBuildFile section */
		9878203F27D8D7BD00D4E998 /* BBCurrencyRatesApp.swift in Sources */ = {isa = PBXBuildFile; fileRef = 9878203E27D8D7BD00D4E998 /* BBCurrencyRatesApp.swift */; };
		9878204127D8D7BD00D4E998 /* ContentView.swift in Sources */ = {isa = PBXBuildFile; fileRef = 9878204027D8D7BD00D4E998 /* ContentView.swift */; };
		9878204327D8D7BE00D4E998 /* Assets.xcassets in Resources */ = {isa = PBXBuildFile; fileRef = 9878204227D8D7BE00D4E998 /* Assets.xcassets */; };
		9878204627D8D7BE00D4E998 /* Preview Assets.xcassets in Resources */ = {isa = PBXBuildFile; fileRef = 9878204527D8D7BE00D4E998 /* Preview Assets.xcassets */; };
		9878205327D8D7CF00D4E998 /* AppDelegate.swift in Sources */ = {isa = PBXBuildFile; fileRef = 9878205227D8D7CF00D4E998 /* AppDelegate.swift */; };
/* End PBXBuildFile section */

/* Begin PBXFileReference section */
		9878203B27D8D7BD00D4E998 /* BBCurrencyRates.app */ = {isa = PBXFileReference; explicitFileType = wrapper.application; includeInIndex = 0; path = BBCurrencyRates.app; sourceTree = BUILT_PRODUCTS_DIR; };
		9878203E27D8D7BD00D4E998 /* BBCurrencyRatesApp.swift */ = {isa = PBXFileReference; lastKnownFileType = sourcecode.swift; path = BBCurrencyRatesApp.swift; sourceTree = "<group>"; };
		9878204027D8D7BD00D4E998 /* ContentView.swift */ = {isa = PBXFileReference; lastKnownFileType = sourcecode.swift; path = ContentView.swift; sourceTree = "<group>"; };
		9878204227D8D7BE00D4E998 /* Assets.xcassets */ = {isa = PBXFileReference; lastKnownFileType = folder.assetcatalog; path = Assets.xcassets; sourceTree = "<group>"; };
		9878204527D8D7BE00D4E998 /* Preview Assets.xcassets */ = {isa = PBXFileReference; lastKnownFileType = folder.assetcatalog; path = "Preview Assets.xcassets"; sourceTree = "<group>"; };
		9878204C27D8D7BE00D4E998 /* BBCurrencyRates.entitlements */ = {isa = PBXFileReference; lastKnownFileType = text.plist.entitlements; path = BBCurrencyRates.entitlements; sourceTree = "<group>"; };
		9878205227D8D7CF00D4E998 /* AppDelegate.swift */ = {isa = PBXFileReference; lastKnownFileType = sourcecode.swift; path = AppDelegate.swift; sourceTree = "<group>"; };
		9878205427D8DA3500D4E998 /* Info.plist */ = {isa = PBXFileReference; lastKnownFileType = text.plist; path = Info.plist; sourceTree = "<group>"; };
/* End PBXFileReference section */

/* Begin PBXFrameworksBuildPhase section */
		9878203827D8D7BD00D4E998 /* Frameworks */ = {
			isa = PBXFrameworksBuildPhase;
			buildActionMask = 2147483647;
			files = (
			);
			runOnlyForDeploymentPostprocessing = 0;
		};
/* End PBXFrameworksBuildPhase section */

/* Begin PBXGroup section */
		9878203227D8D7BD00D4E998 = {
			isa = PBXGroup;
			children = (
				9878203D27D8D7BD00D4E998 /* BBCurrencyRates */,
				9878203C27D8D7BD00D4E998 /* Products */,
			);
			sourceTree = "<group>";
		};
		9878203C27D8D7BD00D4E998 /* Products */ = {
			isa = PBXGroup;
			children = (
				9878203B27D8D7BD00D4E998 /* BBCurrencyRates.app */,
			);
			name = Products;
			sourceTree = "<group>";
		};
		9878203D27D8D7BD00D4E998 /* BBCurrencyRates */ = {
			isa = PBXGroup;
			children = (
				9878205427D8DA3500D4E998 /* Info.plist */,
				9878203E27D8D7BD00D4E998 /* BBCurrencyRatesApp.swift */,
				9878204027D8D7BD00D4E998 /* ContentView.swift */,
				9878204227D8D7BE00D4E998 /* Assets.xcassets */,
				9878204C27D8D7BE00D4E998 /* BBCurrencyRates.entitlements */,
				9878204427D8D7BE00D4E998 /* Preview Content */,
				9878205227D8D7CF00D4E998 /* AppDelegate.swift */,
			);
			path = BBCurrencyRates;
			sourceTree = "<group>";
		};
		9878204427D8D7BE00D4E998 /* Preview Content */ = {
			isa = PBXGroup;
			children = (
				9878204527D8D7BE00D4E998 /* Preview Assets.xcassets */,
			);
			path = "Preview Content";
			sourceTree = "<group>";
		};
/* End PBXGroup section */

/* Begin PBXNativeTarget section */
		9878203A27D8D7BD00D4E998 /* BBCurrencyRates */ = {
			isa = PBXNativeTarget;
			buildConfigurationList = 9878204F27D8D7BE00D4E998 /* Build configuration list for PBXNativeTarget "BBCurrencyRates" */;
			buildPhases = (
				9878203727D8D7BD00D4E998 /* Sources */,
				9878203827D8D7BD00D4E998 /* Frameworks */,
				9878203927D8D7BD00D4E998 /* Resources */,
			);
			buildRules = (
			);
			dependencies = (
			);
			name = BBCurrencyRates;
			productName = BBCurrencyRates;
			productReference = 9878203B27D8D7BD00D4E998 /* BBCurrencyRates.app */;
			productType = "com.apple.product-type.application";
		};
/* End PBXNativeTarget section */

/* Begin PBXProject section */
		9878203327D8D7BD00D4E998 /* Project object */ = {
			isa = PBXProject;
			attributes = {
				BuildIndependentTargetsInParallel = 1;
				LastSwiftUpdateCheck = 1320;
				LastUpgradeCheck = 1320;
				TargetAttributes = {
					9878203A27D8D7BD00D4E998 = {
						CreatedOnToolsVersion = 13.2.1;
					};
				};
			};
			buildConfigurationList = 9878203627D8D7BD00D4E998 /* Build configuration list for PBXProject "BBCurrencyRates" */;
			compatibilityVersion = "Xcode 13.0";
			developmentRegion = en;
			hasScannedForEncodings = 0;
			knownRegions = (
				en,
				Base,
			);
			mainGroup = 9878203227D8D7BD00D4E998;
			productRefGroup = 9878203C27D8D7BD00D4E998 /* Products */;
			projectDirPath = "";
			projectRoot = "";
			targets = (
				9878203A27D8D7BD00D4E998 /* BBCurrencyRates */,
			);
		};
/* End PBXProject section */

/* Begin PBXResourcesBuildPhase section */
		9878203927D8D7BD00D4E998 /* Resources */ = {
			isa = PBXResourcesBuildPhase;
			buildActionMask = 2147483647;
			files = (
				9878204627D8D7BE00D4E998 /* Preview Assets.xcassets in Resources */,
				9878204327D8D7BE00D4E998 /* Assets.xcassets in Resources */,
			);
			runOnlyForDeploymentPostprocessing = 0;
		};
/* End PBXResourcesBuildPhase section */

/* Begin PBXSourcesBuildPhase section */
		9878203727D8D7BD00D4E998 /* Sources */ = {
			isa = PBXSourcesBuildPhase;
			buildActionMask = 2147483647;
			files = (
				9878204127D8D7BD00D4E998 /* ContentView.swift in Sources */,
				9878205327D8D7CF00D4E998 /* AppDelegate.swift in Sources */,
				9878203F27D8D7BD00D4E998 /* BBCurrencyRatesApp.swift in Sources */,
			);
			runOnlyForDeploymentPostprocessing = 0;
		};
/* End PBXSourcesBuildPhase section */

/* Begin XCBuildConfiguration section */
		9878204D27D8D7BE00D4E998 /* Debug */ = {
			isa = XCBuildConfiguration;
			buildSettings = {
				ALWAYS_SEARCH_USER_PATHS = NO;
				CLANG_ANALYZER_NONNULL = YES;
				CLANG_ANALYZER_NUMBER_OBJECT_CONVERSION = YES_AGGRESSIVE;
				CLANG_CXX_LANGUAGE_STANDARD = "gnu++17";
				CLANG_CXX_LIBRARY = "libc++";
				CLANG_ENABLE_MODULES = YES;
				CLANG_ENABLE_OBJC_ARC = YES;
				CLANG_ENABLE_OBJC_WEAK = YES;
				CLANG_WARN_BLOCK_CAPTURE_AUTORELEASING = YES;
				CLANG_WARN_BOOL_CONVERSION = YES;
				CLANG_WARN_COMMA = YES;
				CLANG_WARN_CONSTANT_CONVERSION = YES;
				CLANG_WARN_DEPRECATED_OBJC_IMPLEMENTATIONS = YES;
				CLANG_WARN_DIRECT_OBJC_ISA_USAGE = YES_ERROR;
				CLANG_WARN_DOCUMENTATION_COMMENTS = YES;
				CLANG_WARN_EMPTY_BODY = YES;
				CLANG_WARN_ENUM_CONVERSION = YES;
				CLANG_WARN_INFINITE_RECURSION = YES;
				CLANG_WARN_INT_CONVERSION = YES;
				CLANG_WARN_NON_LITERAL_NULL_CONVERSION = YES;
				CLANG_WARN_OBJC_IMPLICIT_RETAIN_SELF = YES;
				CLANG_WARN_OBJC_LITERAL_CONVERSION = YES;
				CLANG_WARN_OBJC_ROOT_CLASS = YES_ERROR;
				CLANG_WARN_QUOTED_INCLUDE_IN_FRAMEWORK_HEADER = YES;
				CLANG_WARN_RANGE_LOOP_ANALYSIS = YES;
				CLANG_WARN_STRICT_PROTOTYPES = YES;
				CLANG_WARN_SUSPICIOUS_MOVE = YES;
				CLANG_WARN_UNGUARDED_AVAILABILITY = YES_AGGRESSIVE;
				CLANG_WARN_UNREACHABLE_CODE = YES;
				CLANG_WARN__DUPLICATE_METHOD_MATCH = YES;
				COPY_PHASE_STRIP = NO;
				DEBUG_INFORMATION_FORMAT = dwarf;
				ENABLE_STRICT_OBJC_MSGSEND = YES;
				ENABLE_TESTABILITY = YES;
				GCC_C_LANGUAGE_STANDARD = gnu11;
				GCC_DYNAMIC_NO_PIC = NO;
				GCC_NO_COMMON_BLOCKS = YES;
				GCC_OPTIMIZATION_LEVEL = 0;
				GCC_PREPROCESSOR_DEFINITIONS = (
					"DEBUG=1",
					"$(inherited)",
				);
				GCC_WARN_64_TO_32_BIT_CONVERSION = YES;
				GCC_WARN_ABOUT_RETURN_TYPE = YES_ERROR;
				GCC_WARN_UNDECLARED_SELECTOR = YES;
				GCC_WARN_UNINITIALIZED_AUTOS = YES_AGGRESSIVE;
				GCC_WARN_UNUSED_FUNCTION = YES;
				GCC_WARN_UNUSED_VARIABLE = YES;
				MACOSX_DEPLOYMENT_TARGET = 12.1;
				MTL_ENABLE_DEBUG_INFO = INCLUDE_SOURCE;
				MTL_FAST_MATH = YES;
				ONLY_ACTIVE_ARCH = YES;
				SDKROOT = macosx;
				SWIFT_ACTIVE_COMPILATION_CONDITIONS = DEBUG;
				SWIFT_OPTIMIZATION_LEVEL = "-Onone";
			};
			name = Debug;
		};
		9878204E27D8D7BE00D4E998 /* Release */ = {
			isa = XCBuildConfiguration;
			buildSettings = {
				ALWAYS_SEARCH_USER_PATHS = NO;
				CLANG_ANALYZER_NONNULL = YES;
				CLANG_ANALYZER_NUMBER_OBJECT_CONVERSION = YES_AGGRESSIVE;
				CLANG_CXX_LANGUAGE_STANDARD = "gnu++17";
				CLANG_CXX_LIBRARY = "libc++";
				CLANG_ENABLE_MODULES = YES;
				CLANG_ENABLE_OBJC_ARC = YES;
				CLANG_ENABLE_OBJC_WEAK = YES;
				CLANG_WARN_BLOCK_CAPTURE_AUTORELEASING = YES;
				CLANG_WARN_BOOL_CONVERSION = YES;
				CLANG_WARN_COMMA = YES;
				CLANG_WARN_CONSTANT_CONVERSION = YES;
				CLANG_WARN_DEPRECATED_OBJC_IMPLEMENTATIONS = YES;
				CLANG_WARN_DIRECT_OBJC_ISA_USAGE = YES_ERROR;
				CLANG_WARN_DOCUMENTATION_COMMENTS = YES;
				CLANG_WARN_EMPTY_BODY = YES;
				CLANG_WARN_ENUM_CONVERSION = YES;
				CLANG_WARN_INFINITE_RECURSION = YES;
				CLANG_WARN_INT_CONVERSION = YES;
				CLANG_WARN_NON_LITERAL_NULL_CONVERSION = YES;
				CLANG_WARN_OBJC_IMPLICIT_RETAIN_SELF = YES;
				CLANG_WARN_OBJC_LITERAL_CONVERSION = YES;
				CLANG_WARN_OBJC_ROOT_CLASS = YES_ERROR;
				CLANG_WARN_QUOTED_INCLUDE_IN_FRAMEWORK_HEADER = YES;
				CLANG_WARN_RANGE_LOOP_ANALYSIS = YES;
				CLANG_WARN_STRICT_PROTOTYPES = YES;
				CLANG_WARN_SUSPICIOUS_MOVE = YES;
				CLANG_WARN_UNGUARDED_AVAILABILITY = YES_AGGRESSIVE;
				CLANG_WARN_UNREACHABLE_CODE = YES;
				CLANG_WARN__DUPLICATE_METHOD_MATCH = YES;
				COPY_PHASE_STRIP = NO;
				DEBUG_INFORMATION_FORMAT = "dwarf-with-dsym";
				ENABLE_NS_ASSERTIONS = NO;
				ENABLE_STRICT_OBJC_MSGSEND = YES;
				GCC_C_LANGUAGE_STANDARD = gnu11;
				GCC_NO_COMMON_BLOCKS = YES;
				GCC_WARN_64_TO_32_BIT_CONVERSION = YES;
				GCC_WARN_ABOUT_RETURN_TYPE = YES_ERROR;
				GCC_WARN_UNDECLARED_SELECTOR = YES;
				GCC_WARN_UNINITIALIZED_AUTOS = YES_AGGRESSIVE;
				GCC_WARN_UNUSED_FUNCTION = YES;
				GCC_WARN_UNUSED_VARIABLE = YES;
				MACOSX_DEPLOYMENT_TARGET = 12.1;
				MTL_ENABLE_DEBUG_INFO = NO;
				MTL_FAST_MATH = YES;
				SDKROOT = macosx;
				SWIFT_COMPILATION_MODE = wholemodule;
				SWIFT_OPTIMIZATION_LEVEL = "-O";
			};
			name = Release;
		};
		9878205027D8D7BE00D4E998 /* Debug */ = {
			isa = XCBuildConfiguration;
			buildSettings = {
				ASSETCATALOG_COMPILER_APPICON_NAME = AppIcon;
				ASSETCATALOG_COMPILER_GLOBAL_ACCENT_COLOR_NAME = AccentColor;
				CODE_SIGN_ENTITLEMENTS = BBCurrencyRates/BBCurrencyRates.entitlements;
				CODE_SIGN_STYLE = Automatic;
				COMBINE_HIDPI_IMAGES = YES;
				CURRENT_PROJECT_VERSION = 1;
				DEVELOPMENT_ASSET_PATHS = "\"BBCurrencyRates/Preview Content\"";
				ENABLE_PREVIEWS = YES;
				GENERATE_INFOPLIST_FILE = YES;
				INFOPLIST_FILE = BBCurrencyRates/Info.plist;
				INFOPLIST_KEY_NSHumanReadableCopyright = "";
				LD_RUNPATH_SEARCH_PATHS = (
					"$(inherited)",
					"@executable_path/../Frameworks",
				);
				MARKETING_VERSION = 1.0;
				PRODUCT_BUNDLE_IDENTIFIER = com.npozdeev.BBCurrencyRates;
				PRODUCT_NAME = "$(TARGET_NAME)";
				SWIFT_EMIT_LOC_STRINGS = YES;
				SWIFT_VERSION = 5.0;
			};
			name = Debug;
		};
		9878205127D8D7BE00D4E998 /* Release */ = {
			isa = XCBuildConfiguration;
			buildSettings = {
				ASSETCATALOG_COMPILER_APPICON_NAME = AppIcon;
				ASSETCATALOG_COMPILER_GLOBAL_ACCENT_COLOR_NAME = AccentColor;
				CODE_SIGN_ENTITLEMENTS = BBCurrencyRates/BBCurrencyRates.entitlements;
				CODE_SIGN_STYLE = Automatic;
				COMBINE_HIDPI_IMAGES = YES;
				CURRENT_PROJECT_VERSION = 1;
				DEVELOPMENT_ASSET_PATHS = "\"BBCurrencyRates/Preview Content\"";
				ENABLE_PREVIEWS = YES;
				GENERATE_INFOPLIST_FILE = YES;
				INFOPLIST_FILE = BBCurrencyRates/Info.plist;
				INFOPLIST_KEY_NSHumanReadableCopyright = "";
				LD_RUNPATH_SEARCH_PATHS = (
					"$(inherited)",
					"@executable_path/../Frameworks",
				);
				MARKETING_VERSION = 1.0;
				PRODUCT_BUNDLE_IDENTIFIER = com.npozdeev.BBCurrencyRates;
				PRODUCT_NAME = "$(TARGET_NAME)";
				SWIFT_EMIT_LOC_STRINGS = YES;
				SWIFT_VERSION = 5.0;
			};
			name = Release;
		};
/* End XCBuildConfiguration section */

/* Begin XCConfigurationList section */
		9878203627D8D7BD00D4E998 /* Build configuration list for PBXProject "BBCurrencyRates" */ = {
			isa = XCConfigurationList;
			buildConfigurations = (
				9878204D27D8D7BE00D4E998 /* Debug */,
				9878204E27D8D7BE00D4E998 /* Release */,
			);
			defaultConfigurationIsVisible = 0;
			defaultConfigurationName = Release;
		};
		9878204F27D8D7BE00D4E998 /* Build configuration list for PBXNativeTarget "BBCurrencyRates" */ = {
			isa = XCConfigurationList;
			buildConfigurations = (
				9878205027D8D7BE00D4E998 /* Debug */,
				9878205127D8D7BE00D4E998 /* Release */,
			);
			defaultConfigurationIsVisible = 0;
			defaultConfigurationName = Release;
		};
/* End XCConfigurationList section */
	};
	rootObject = 9878203327D8D7BD00D4E998 /* Project object */;
}
